// !$*UTF8*$!
{
	archiveVersion = 1;
	classes = {
	};
	objectVersion = 56;
	objects = {

/* Begin PBXBuildFile section */
		D47433F52C2ACA8A002372F3 /* WaterDropScene.swift in Sources */ = {isa = PBXBuildFile; fileRef = D47433F42C2ACA8A002372F3 /* WaterDropScene.swift */; };
		D47433F72C2ACFF3002372F3 /* RaindDropShape.swift in Sources */ = {isa = PBXBuildFile; fileRef = D47433F62C2ACFF3002372F3 /* RaindDropShape.swift */; };
		D4D2B5482C25DF26001D9DBD /* visualexperiemntApp.swift in Sources */ = {isa = PBXBuildFile; fileRef = D4D2B5472C25DF26001D9DBD /* visualexperiemntApp.swift */; };
		D4D2B54A2C25DF26001D9DBD /* ContentView.swift in Sources */ = {isa = PBXBuildFile; fileRef = D4D2B5492C25DF26001D9DBD /* ContentView.swift */; };
		D4D2B54E2C25DF27001D9DBD /* Assets.xcassets in Resources */ = {isa = PBXBuildFile; fileRef = D4D2B54D2C25DF27001D9DBD /* Assets.xcassets */; };
		D4D2B5512C25DF27001D9DBD /* Preview Assets.xcassets in Resources */ = {isa = PBXBuildFile; fileRef = D4D2B5502C25DF27001D9DBD /* Preview Assets.xcassets */; };
		D4D2B5582C25DF57001D9DBD /* Stripes.metal in Sources */ = {isa = PBXBuildFile; fileRef = D4D2B5572C25DF57001D9DBD /* Stripes.metal */; };
		D4D2B55A2C25DF68001D9DBD /* Stripes.swift in Sources */ = {isa = PBXBuildFile; fileRef = D4D2B5592C25DF68001D9DBD /* Stripes.swift */; };
		D4D2B55C2C25DFD5001D9DBD /* Ripple.metal in Sources */ = {isa = PBXBuildFile; fileRef = D4D2B55B2C25DFD5001D9DBD /* Ripple.metal */; };
		D4D2B55E2C25E030001D9DBD /* Ripple.swift in Sources */ = {isa = PBXBuildFile; fileRef = D4D2B55D2C25E02F001D9DBD /* Ripple.swift */; };
/* End PBXBuildFile section */

/* Begin PBXFileReference section */
		D47433F42C2ACA8A002372F3 /* WaterDropScene.swift */ = {isa = PBXFileReference; lastKnownFileType = sourcecode.swift; path = WaterDropScene.swift; sourceTree = "<group>"; };
		D47433F62C2ACFF3002372F3 /* RaindDropShape.swift */ = {isa = PBXFileReference; lastKnownFileType = sourcecode.swift; path = RaindDropShape.swift; sourceTree = "<group>"; };
		D4D2B5442C25DF26001D9DBD /* visualexperiemnt.app */ = {isa = PBXFileReference; explicitFileType = wrapper.application; includeInIndex = 0; path = visualexperiemnt.app; sourceTree = BUILT_PRODUCTS_DIR; };
		D4D2B5472C25DF26001D9DBD /* visualexperiemntApp.swift */ = {isa = PBXFileReference; lastKnownFileType = sourcecode.swift; path = visualexperiemntApp.swift; sourceTree = "<group>"; };
		D4D2B5492C25DF26001D9DBD /* ContentView.swift */ = {isa = PBXFileReference; lastKnownFileType = sourcecode.swift; path = ContentView.swift; sourceTree = "<group>"; };
		D4D2B54D2C25DF27001D9DBD /* Assets.xcassets */ = {isa = PBXFileReference; lastKnownFileType = folder.assetcatalog; path = Assets.xcassets; sourceTree = "<group>"; };
		D4D2B5502C25DF27001D9DBD /* Preview Assets.xcassets */ = {isa = PBXFileReference; lastKnownFileType = folder.assetcatalog; path = "Preview Assets.xcassets"; sourceTree = "<group>"; };
		D4D2B5572C25DF57001D9DBD /* Stripes.metal */ = {isa = PBXFileReference; lastKnownFileType = sourcecode.metal; path = Stripes.metal; sourceTree = "<group>"; };
		D4D2B5592C25DF68001D9DBD /* Stripes.swift */ = {isa = PBXFileReference; lastKnownFileType = sourcecode.swift; path = Stripes.swift; sourceTree = "<group>"; };
		D4D2B55B2C25DFD5001D9DBD /* Ripple.metal */ = {isa = PBXFileReference; lastKnownFileType = sourcecode.metal; path = Ripple.metal; sourceTree = "<group>"; };
		D4D2B55D2C25E02F001D9DBD /* Ripple.swift */ = {isa = PBXFileReference; lastKnownFileType = sourcecode.swift; path = Ripple.swift; sourceTree = "<group>"; };
/* End PBXFileReference section */

/* Begin PBXFrameworksBuildPhase section */
		D4D2B5412C25DF26001D9DBD /* Frameworks */ = {
			isa = PBXFrameworksBuildPhase;
			buildActionMask = 2147483647;
			files = (
			);
			runOnlyForDeploymentPostprocessing = 0;
		};
/* End PBXFrameworksBuildPhase section */

/* Begin PBXGroup section */
		D47433F32C2ACA76002372F3 /* WaterDrop */ = {
			isa = PBXGroup;
			children = (
				D47433F42C2ACA8A002372F3 /* WaterDropScene.swift */,
				D47433F62C2ACFF3002372F3 /* RaindDropShape.swift */,
			);
			path = WaterDrop;
			sourceTree = "<group>";
		};
		D4D2B53B2C25DF26001D9DBD = {
			isa = PBXGroup;
			children = (
				D4D2B5462C25DF26001D9DBD /* visualexperiemnt */,
				D4D2B5452C25DF26001D9DBD /* Products */,
			);
			sourceTree = "<group>";
		};
		D4D2B5452C25DF26001D9DBD /* Products */ = {
			isa = PBXGroup;
			children = (
				D4D2B5442C25DF26001D9DBD /* visualexperiemnt.app */,
			);
			name = Products;
			sourceTree = "<group>";
		};
		D4D2B5462C25DF26001D9DBD /* visualexperiemnt */ = {
			isa = PBXGroup;
			children = (
				D4D2B5472C25DF26001D9DBD /* visualexperiemntApp.swift */,
				D4D2B5492C25DF26001D9DBD /* ContentView.swift */,
				D4D2B54D2C25DF27001D9DBD /* Assets.xcassets */,
				D4D2B54F2C25DF27001D9DBD /* Preview Content */,
				D4D2B5572C25DF57001D9DBD /* Stripes.metal */,
				D4D2B55B2C25DFD5001D9DBD /* Ripple.metal */,
				D4D2B5592C25DF68001D9DBD /* Stripes.swift */,
				D4D2B55D2C25E02F001D9DBD /* Ripple.swift */,
				D47433F32C2ACA76002372F3 /* WaterDrop */,
			);
			path = visualexperiemnt;
			sourceTree = "<group>";
		};
		D4D2B54F2C25DF27001D9DBD /* Preview Content */ = {
			isa = PBXGroup;
			children = (
				D4D2B5502C25DF27001D9DBD /* Preview Assets.xcassets */,
			);
			path = "Preview Content";
			sourceTree = "<group>";
		};
/* End PBXGroup section */

/* Begin PBXNativeTarget section */
		D4D2B5432C25DF26001D9DBD /* visualexperiemnt */ = {
			isa = PBXNativeTarget;
			buildConfigurationList = D4D2B5542C25DF27001D9DBD /* Build configuration list for PBXNativeTarget "visualexperiemnt" */;
			buildPhases = (
				D4D2B5402C25DF26001D9DBD /* Sources */,
				D4D2B5412C25DF26001D9DBD /* Frameworks */,
				D4D2B5422C25DF26001D9DBD /* Resources */,
			);
			buildRules = (
			);
			dependencies = (
			);
			name = visualexperiemnt;
			productName = visualexperiemnt;
			productReference = D4D2B5442C25DF26001D9DBD /* visualexperiemnt.app */;
			productType = "com.apple.product-type.application";
		};
/* End PBXNativeTarget section */

/* Begin PBXProject section */
		D4D2B53C2C25DF26001D9DBD /* Project object */ = {
			isa = PBXProject;
			attributes = {
				BuildIndependentTargetsInParallel = 1;
				LastSwiftUpdateCheck = 1540;
				LastUpgradeCheck = 1540;
				TargetAttributes = {
					D4D2B5432C25DF26001D9DBD = {
						CreatedOnToolsVersion = 15.4;
					};
				};
			};
			buildConfigurationList = D4D2B53F2C25DF26001D9DBD /* Build configuration list for PBXProject "visualexperiemnt" */;
			compatibilityVersion = "Xcode 14.0";
			developmentRegion = en;
			hasScannedForEncodings = 0;
			knownRegions = (
				en,
				Base,
			);
			mainGroup = D4D2B53B2C25DF26001D9DBD;
			productRefGroup = D4D2B5452C25DF26001D9DBD /* Products */;
			projectDirPath = "";
			projectRoot = "";
			targets = (
				D4D2B5432C25DF26001D9DBD /* visualexperiemnt */,
			);
		};
/* End PBXProject section */

/* Begin PBXResourcesBuildPhase section */
		D4D2B5422C25DF26001D9DBD /* Resources */ = {
			isa = PBXResourcesBuildPhase;
			buildActionMask = 2147483647;
			files = (
				D4D2B5512C25DF27001D9DBD /* Preview Assets.xcassets in Resources */,
				D4D2B54E2C25DF27001D9DBD /* Assets.xcassets in Resources */,
			);
			runOnlyForDeploymentPostprocessing = 0;
		};
/* End PBXResourcesBuildPhase section */

/* Begin PBXSourcesBuildPhase section */
		D4D2B5402C25DF26001D9DBD /* Sources */ = {
			isa = PBXSourcesBuildPhase;
			buildActionMask = 2147483647;
			files = (
				D47433F52C2ACA8A002372F3 /* WaterDropScene.swift in Sources */,
				D4D2B55E2C25E030001D9DBD /* Ripple.swift in Sources */,
				D4D2B5582C25DF57001D9DBD /* Stripes.metal in Sources */,
				D47433F72C2ACFF3002372F3 /* RaindDropShape.swift in Sources */,
				D4D2B55C2C25DFD5001D9DBD /* Ripple.metal in Sources */,
				D4D2B55A2C25DF68001D9DBD /* Stripes.swift in Sources */,
				D4D2B54A2C25DF26001D9DBD /* ContentView.swift in Sources */,
				D4D2B5482C25DF26001D9DBD /* visualexperiemntApp.swift in Sources */,
			);
			runOnlyForDeploymentPostprocessing = 0;
		};
/* End PBXSourcesBuildPhase section */

/* Begin XCBuildConfiguration section */
		D4D2B5522C25DF27001D9DBD /* Debug */ = {
			isa = XCBuildConfiguration;
			buildSettings = {
				ALWAYS_SEARCH_USER_PATHS = NO;
				ASSETCATALOG_COMPILER_GENERATE_SWIFT_ASSET_SYMBOL_EXTENSIONS = YES;
				CLANG_ANALYZER_NONNULL = YES;
				CLANG_ANALYZER_NUMBER_OBJECT_CONVERSION = YES_AGGRESSIVE;
				CLANG_CXX_LANGUAGE_STANDARD = "gnu++20";
				CLANG_ENABLE_MODULES = YES;
				CLANG_ENABLE_OBJC_ARC = YES;
				CLANG_ENABLE_OBJC_WEAK = YES;
				CLANG_WARN_BLOCK_CAPTURE_AUTORELEASING = YES;
				CLANG_WARN_BOOL_CONVERSION = YES;
				CLANG_WARN_COMMA = YES;
				CLANG_WARN_CONSTANT_CONVERSION = YES;
				CLANG_WARN_DEPRECATED_OBJC_IMPLEMENTATIONS = YES;
				CLANG_WARN_DIRECT_OBJC_ISA_USAGE = YES_ERROR;
				CLANG_WARN_DOCUMENTATION_COMMENTS = YES;
				CLANG_WARN_EMPTY_BODY = YES;
				CLANG_WARN_ENUM_CONVERSION = YES;
				CLANG_WARN_INFINITE_RECURSION = YES;
				CLANG_WARN_INT_CONVERSION = YES;
				CLANG_WARN_NON_LITERAL_NULL_CONVERSION = YES;
				CLANG_WARN_OBJC_IMPLICIT_RETAIN_SELF = YES;
				CLANG_WARN_OBJC_LITERAL_CONVERSION = YES;
				CLANG_WARN_OBJC_ROOT_CLASS = YES_ERROR;
				CLANG_WARN_QUOTED_INCLUDE_IN_FRAMEWORK_HEADER = YES;
				CLANG_WARN_RANGE_LOOP_ANALYSIS = YES;
				CLANG_WARN_STRICT_PROTOTYPES = YES;
				CLANG_WARN_SUSPICIOUS_MOVE = YES;
				CLANG_WARN_UNGUARDED_AVAILABILITY = YES_AGGRESSIVE;
				CLANG_WARN_UNREACHABLE_CODE = YES;
				CLANG_WARN__DUPLICATE_METHOD_MATCH = YES;
				COPY_PHASE_STRIP = NO;
				DEBUG_INFORMATION_FORMAT = dwarf;
				ENABLE_STRICT_OBJC_MSGSEND = YES;
				ENABLE_TESTABILITY = YES;
				ENABLE_USER_SCRIPT_SANDBOXING = YES;
				GCC_C_LANGUAGE_STANDARD = gnu17;
				GCC_DYNAMIC_NO_PIC = NO;
				GCC_NO_COMMON_BLOCKS = YES;
				GCC_OPTIMIZATION_LEVEL = 0;
				GCC_PREPROCESSOR_DEFINITIONS = (
					"DEBUG=1",
					"$(inherited)",
				);
				GCC_WARN_64_TO_32_BIT_CONVERSION = YES;
				GCC_WARN_ABOUT_RETURN_TYPE = YES_ERROR;
				GCC_WARN_UNDECLARED_SELECTOR = YES;
				GCC_WARN_UNINITIALIZED_AUTOS = YES_AGGRESSIVE;
				GCC_WARN_UNUSED_FUNCTION = YES;
				GCC_WARN_UNUSED_VARIABLE = YES;
				IPHONEOS_DEPLOYMENT_TARGET = 17.5;
				LOCALIZATION_PREFERS_STRING_CATALOGS = YES;
				MTL_ENABLE_DEBUG_INFO = INCLUDE_SOURCE;
				MTL_FAST_MATH = YES;
				ONLY_ACTIVE_ARCH = YES;
				SDKROOT = iphoneos;
				SWIFT_ACTIVE_COMPILATION_CONDITIONS = "DEBUG $(inherited)";
				SWIFT_OPTIMIZATION_LEVEL = "-Onone";
			};
			name = Debug;
		};
		D4D2B5532C25DF27001D9DBD /* Release */ = {
			isa = XCBuildConfiguration;
			buildSettings = {
				ALWAYS_SEARCH_USER_PATHS = NO;
				ASSETCATALOG_COMPILER_GENERATE_SWIFT_ASSET_SYMBOL_EXTENSIONS = YES;
				CLANG_ANALYZER_NONNULL = YES;
				CLANG_ANALYZER_NUMBER_OBJECT_CONVERSION = YES_AGGRESSIVE;
				CLANG_CXX_LANGUAGE_STANDARD = "gnu++20";
				CLANG_ENABLE_MODULES = YES;
				CLANG_ENABLE_OBJC_ARC = YES;
				CLANG_ENABLE_OBJC_WEAK = YES;
				CLANG_WARN_BLOCK_CAPTURE_AUTORELEASING = YES;
				CLANG_WARN_BOOL_CONVERSION = YES;
				CLANG_WARN_COMMA = YES;
				CLANG_WARN_CONSTANT_CONVERSION = YES;
				CLANG_WARN_DEPRECATED_OBJC_IMPLEMENTATIONS = YES;
				CLANG_WARN_DIRECT_OBJC_ISA_USAGE = YES_ERROR;
				CLANG_WARN_DOCUMENTATION_COMMENTS = YES;
				CLANG_WARN_EMPTY_BODY = YES;
				CLANG_WARN_ENUM_CONVERSION = YES;
				CLANG_WARN_INFINITE_RECURSION = YES;
				CLANG_WARN_INT_CONVERSION = YES;
				CLANG_WARN_NON_LITERAL_NULL_CONVERSION = YES;
				CLANG_WARN_OBJC_IMPLICIT_RETAIN_SELF = YES;
				CLANG_WARN_OBJC_LITERAL_CONVERSION = YES;
				CLANG_WARN_OBJC_ROOT_CLASS = YES_ERROR;
				CLANG_WARN_QUOTED_INCLUDE_IN_FRAMEWORK_HEADER = YES;
				CLANG_WARN_RANGE_LOOP_ANALYSIS = YES;
				CLANG_WARN_STRICT_PROTOTYPES = YES;
				CLANG_WARN_SUSPICIOUS_MOVE = YES;
				CLANG_WARN_UNGUARDED_AVAILABILITY = YES_AGGRESSIVE;
				CLANG_WARN_UNREACHABLE_CODE = YES;
				CLANG_WARN__DUPLICATE_METHOD_MATCH = YES;
				COPY_PHASE_STRIP = NO;
				DEBUG_INFORMATION_FORMAT = "dwarf-with-dsym";
				ENABLE_NS_ASSERTIONS = NO;
				ENABLE_STRICT_OBJC_MSGSEND = YES;
				ENABLE_USER_SCRIPT_SANDBOXING = YES;
				GCC_C_LANGUAGE_STANDARD = gnu17;
				GCC_NO_COMMON_BLOCKS = YES;
				GCC_WARN_64_TO_32_BIT_CONVERSION = YES;
				GCC_WARN_ABOUT_RETURN_TYPE = YES_ERROR;
				GCC_WARN_UNDECLARED_SELECTOR = YES;
				GCC_WARN_UNINITIALIZED_AUTOS = YES_AGGRESSIVE;
				GCC_WARN_UNUSED_FUNCTION = YES;
				GCC_WARN_UNUSED_VARIABLE = YES;
				IPHONEOS_DEPLOYMENT_TARGET = 17.5;
				LOCALIZATION_PREFERS_STRING_CATALOGS = YES;
				MTL_ENABLE_DEBUG_INFO = NO;
				MTL_FAST_MATH = YES;
				SDKROOT = iphoneos;
				SWIFT_COMPILATION_MODE = wholemodule;
				VALIDATE_PRODUCT = YES;
			};
			name = Release;
		};
		D4D2B5552C25DF27001D9DBD /* Debug */ = {
			isa = XCBuildConfiguration;
			buildSettings = {
				ASSETCATALOG_COMPILER_APPICON_NAME = AppIcon;
				ASSETCATALOG_COMPILER_GLOBAL_ACCENT_COLOR_NAME = AccentColor;
				CODE_SIGN_STYLE = Automatic;
				CURRENT_PROJECT_VERSION = 1;
				DEVELOPMENT_ASSET_PATHS = "\"visualexperiemnt/Preview Content\"";
				DEVELOPMENT_TEAM = PRS2794YCC;
				ENABLE_PREVIEWS = YES;
				GENERATE_INFOPLIST_FILE = YES;
				INFOPLIST_KEY_UIApplicationSceneManifest_Generation = YES;
				INFOPLIST_KEY_UIApplicationSupportsIndirectInputEvents = YES;
				INFOPLIST_KEY_UILaunchScreen_Generation = YES;
				INFOPLIST_KEY_UISupportedInterfaceOrientations_iPad = "UIInterfaceOrientationPortrait UIInterfaceOrientationPortraitUpsideDown UIInterfaceOrientationLandscapeLeft UIInterfaceOrientationLandscapeRight";
				INFOPLIST_KEY_UISupportedInterfaceOrientations_iPhone = "UIInterfaceOrientationPortrait UIInterfaceOrientationLandscapeLeft UIInterfaceOrientationLandscapeRight";
				LD_RUNPATH_SEARCH_PATHS = (
					"$(inherited)",
					"@executable_path/Frameworks",
				);
				MARKETING_VERSION = 1.0;
				PRODUCT_BUNDLE_IDENTIFIER = vickipetrova.visualexperiemnt;
				PRODUCT_NAME = "$(TARGET_NAME)";
				SUPPORTED_PLATFORMS = "iphoneos iphonesimulator";
				SUPPORTS_MACCATALYST = NO;
				SUPPORTS_MAC_DESIGNED_FOR_IPHONE_IPAD = NO;
				SUPPORTS_XR_DESIGNED_FOR_IPHONE_IPAD = NO;
				SWIFT_EMIT_LOC_STRINGS = YES;
				SWIFT_VERSION = 5.0;
				TARGETED_DEVICE_FAMILY = 1;
			};
			name = Debug;
		};
		D4D2B5562C25DF27001D9DBD /* Release */ = {
			isa = XCBuildConfiguration;
			buildSettings = {
				ASSETCATALOG_COMPILER_APPICON_NAME = AppIcon;
				ASSETCATALOG_COMPILER_GLOBAL_ACCENT_COLOR_NAME = AccentColor;
				CODE_SIGN_STYLE = Automatic;
				CURRENT_PROJECT_VERSION = 1;
				DEVELOPMENT_ASSET_PATHS = "\"visualexperiemnt/Preview Content\"";
				DEVELOPMENT_TEAM = PRS2794YCC;
				ENABLE_PREVIEWS = YES;
				GENERATE_INFOPLIST_FILE = YES;
				INFOPLIST_KEY_UIApplicationSceneManifest_Generation = YES;
				INFOPLIST_KEY_UIApplicationSupportsIndirectInputEvents = YES;
				INFOPLIST_KEY_UILaunchScreen_Generation = YES;
				INFOPLIST_KEY_UISupportedInterfaceOrientations_iPad = "UIInterfaceOrientationPortrait UIInterfaceOrientationPortraitUpsideDown UIInterfaceOrientationLandscapeLeft UIInterfaceOrientationLandscapeRight";
				INFOPLIST_KEY_UISupportedInterfaceOrientations_iPhone = "UIInterfaceOrientationPortrait UIInterfaceOrientationLandscapeLeft UIInterfaceOrientationLandscapeRight";
				LD_RUNPATH_SEARCH_PATHS = (
					"$(inherited)",
					"@executable_path/Frameworks",
				);
				MARKETING_VERSION = 1.0;
				PRODUCT_BUNDLE_IDENTIFIER = vickipetrova.visualexperiemnt;
				PRODUCT_NAME = "$(TARGET_NAME)";
				SUPPORTED_PLATFORMS = "iphoneos iphonesimulator";
				SUPPORTS_MACCATALYST = NO;
				SUPPORTS_MAC_DESIGNED_FOR_IPHONE_IPAD = NO;
				SUPPORTS_XR_DESIGNED_FOR_IPHONE_IPAD = NO;
				SWIFT_EMIT_LOC_STRINGS = YES;
				SWIFT_VERSION = 5.0;
				TARGETED_DEVICE_FAMILY = 1;
			};
			name = Release;
		};
/* End XCBuildConfiguration section */

/* Begin XCConfigurationList section */
		D4D2B53F2C25DF26001D9DBD /* Build configuration list for PBXProject "visualexperiemnt" */ = {
			isa = XCConfigurationList;
			buildConfigurations = (
				D4D2B5522C25DF27001D9DBD /* Debug */,
				D4D2B5532C25DF27001D9DBD /* Release */,
			);
			defaultConfigurationIsVisible = 0;
			defaultConfigurationName = Release;
		};
		D4D2B5542C25DF27001D9DBD /* Build configuration list for PBXNativeTarget "visualexperiemnt" */ = {
			isa = XCConfigurationList;
			buildConfigurations = (
				D4D2B5552C25DF27001D9DBD /* Debug */,
				D4D2B5562C25DF27001D9DBD /* Release */,
			);
			defaultConfigurationIsVisible = 0;
			defaultConfigurationName = Release;
		};
/* End XCConfigurationList section */
	};
	rootObject = D4D2B53C2C25DF26001D9DBD /* Project object */;
}
